{
  "originHash" : "d23de4387879e1ed515cd8106259685647a69caa11f56dad32cadf764e77cd49",
  "pins" : [
    {
      "identity" : "swift-argument-parser",
      "kind" : "remoteSourceControl",
      "location" : "https://github.com/apple/swift-argument-parser",
      "state" : {
        "revision" : "6a52f3251125d74daf04fcbd5e6f08a75d074382",
        "version" : "1.8.2"
      }
    },
    {
      "identity" : "swiftlintplugins",
      "kind" : "remoteSourceControl",
      "location" : "https://github.com/SimplyDanny/SwiftLintPlugins",
      "state" : {
        "revision" : "3292bab28e6e92000161348003fdef8edc4e582d",
        "version" : "0.65.0"
      }
    }
  ],
  "version" : 3
}
